
Microsoft Visual Studio Solution File, Format Version 12.00
# Visual Studio Version 17
VisualStudioVersion = 17.6.33723.286
MinimumVisualStudioVersion = 10.0.40219.1
Project("{FAE04EC0-301F-11D3-BF4B-00C04F79EFBC}") = "RestFulAPI_Legasuite", "RestFulAPI_Legasuite.csproj", "{C1DCBACB-5F1B-4F42-8690-5C2D87ECE51A}"
EndProject
Project("{FAE04EC0-301F-11D3-BF4B-00C04F79EFBC}") = "RestFulAPI_Legasuite.Application", "..\RestFulAPI_Legasuite.Application\RestFulAPI_Legasuite.Application.csproj", "{29A74DB4-0E7F-43AC-B196-EC5A6C20DB5E}"
EndProject
Project("{FAE04EC0-301F-11D3-BF4B-00C04F79EFBC}") = "RestFulAPI_Legasuite.Common", "..\RestFulAPI_Legasuite.Common\RestFulAPI_Legasuite.Common.csproj", "{0D5D4671-D9AE-4903-AB5D-06255B91CF84}"
EndProject
Project("{FAE04EC0-301F-11D3-BF4B-00C04F79EFBC}") = "RestFulAPI_Legasuite.Core", "..\RestFulAPI_Legasuite.Core\RestFulAPI_Legasuite.Core.csproj", "{BC5D3439-3037-408D-A2E2-E675619A45F2}"
EndProject
Project("{FAE04EC0-301F-11D3-BF4B-00C04F79EFBC}") = "RestFulAPI_Legasuite.Infrastructure", "..\RestFulAPI_Legasuite.Infrastructure\RestFulAPI_Legasuite.Infrastructure.csproj", "{7B40F729-0696-4859-B15C-E81B7DF6F377}"
EndProject
Global
	GlobalSection(SolutionConfigurationPlatforms) = preSolution
		Debug|Any CPU = Debug|Any CPU
		Release|Any CPU = Release|Any CPU
	EndGlobalSection
	GlobalSection(ProjectConfigurationPlatforms) = postSolution
		{C1DCBACB-5F1B-4F42-8690-5C2D87ECE51A}.Debug|Any CPU.ActiveCfg = Debug|Any CPU
		{C1DCBACB-5F1B-4F42-8690-5C2D87ECE51A}.Debug|Any CPU.Build.0 = Debug|Any CPU
		{C1DCBACB-5F1B-4F42-8690-5C2D87ECE51A}.Release|Any CPU.ActiveCfg = Release|Any CPU
		{C1DCBACB-5F1B-4F42-8690-5C2D87ECE51A}.Release|Any CPU.Build.0 = Release|Any CPU
		{29A74DB4-0E7F-43AC-B196-EC5A6C20DB5E}.Debug|Any CPU.ActiveCfg = Debug|Any CPU
		{29A74DB4-0E7F-43AC-B196-EC5A6C20DB5E}.Debug|Any CPU.Build.0 = Debug|Any CPU
		{29A74DB4-0E7F-43AC-B196-EC5A6C20DB5E}.Release|Any CPU.ActiveCfg = Release|Any CPU
		{29A74DB4-0E7F-43AC-B196-EC5A6C20DB5E}.Release|Any CPU.Build.0 = Release|Any CPU
		{0D5D4671-D9AE-4903-AB5D-06255B91CF84}.Debug|Any CPU.ActiveCfg = Debug|Any CPU
		{0D5D4671-D9AE-4903-AB5D-06255B91CF84}.Debug|Any CPU.Build.0 = Debug|Any CPU
		{0D5D4671-D9AE-4903-AB5D-06255B91CF84}.Release|Any CPU.ActiveCfg = Release|Any CPU
		{0D5D4671-D9AE-4903-AB5D-06255B91CF84}.Release|Any CPU.Build.0 = Release|Any CPU
		{BC5D3439-3037-408D-A2E2-E675619A45F2}.Debug|Any CPU.ActiveCfg = Debug|Any CPU
		{BC5D3439-3037-408D-A2E2-E675619A45F2}.Debug|Any CPU.Build.0 = Debug|Any CPU
		{BC5D3439-3037-408D-A2E2-E675619A45F2}.Release|Any CPU.ActiveCfg = Release|Any CPU
		{BC5D3439-3037-408D-A2E2-E675619A45F2}.Release|Any CPU.Build.0 = Release|Any CPU
		{7B40F729-0696-4859-B15C-E81B7DF6F377}.Debug|Any CPU.ActiveCfg = Debug|Any CPU
		{7B40F729-0696-4859-B15C-E81B7DF6F377}.Debug|Any CPU.Build.0 = Debug|Any CPU
		{7B40F729-0696-4859-B15C-E81B7DF6F377}.Release|Any CPU.ActiveCfg = Release|Any CPU
		{7B40F729-0696-4859-B15C-E81B7DF6F377}.Release|Any CPU.Build.0 = Release|Any CPU
	EndGlobalSection
	GlobalSection(SolutionProperties) = preSolution
		HideSolutionNode = FALSE
	EndGlobalSection
	GlobalSection(ExtensibilityGlobals) = postSolution
		SolutionGuid = {E0034A74-66E6-4B45-ACA7-B10BDFA36234}
	EndGlobalSection
EndGlobal
